// !$*UTF8*$!
{
	archiveVersion = 1;
	classes = {
	};
	objectVersion = 50;
	objects = {

/* Begin PBXBuildFile section */
		22EE43C2252AAFC100D9B890 /* AppDelegate.swift in Sources */ = {isa = PBXBuildFile; fileRef = 22EE43C1252AAFC100D9B890 /* AppDelegate.swift */; };
		22EE43C4252AAFC100D9B890 /* SceneDelegate.swift in Sources */ = {isa = PBXBuildFile; fileRef = 22EE43C3252AAFC100D9B890 /* SceneDelegate.swift */; };
		22EE43C9252AAFC100D9B890 /* Main.storyboard in Resources */ = {isa = PBXBuildFile; fileRef = 22EE43C7252AAFC100D9B890 /* Main.storyboard */; };
		22EE43CC252AAFC100D9B890 /* XRose.xcdatamodeld in Sources */ = {isa = PBXBuildFile; fileRef = 22EE43CA252AAFC100D9B890 /* XRose.xcdatamodeld */; };
		22EE43CE252AAFC300D9B890 /* Assets.xcassets in Resources */ = {isa = PBXBuildFile; fileRef = 22EE43CD252AAFC300D9B890 /* Assets.xcassets */; };
		22EE43D1252AAFC300D9B890 /* LaunchScreen.storyboard in Resources */ = {isa = PBXBuildFile; fileRef = 22EE43CF252AAFC300D9B890 /* LaunchScreen.storyboard */; };
		22EE43DC252AAFC300D9B890 /* XRoseTests.swift in Sources */ = {isa = PBXBuildFile; fileRef = 22EE43DB252AAFC300D9B890 /* XRoseTests.swift */; };
		22EE43E7252AAFC300D9B890 /* XRoseUITests.swift in Sources */ = {isa = PBXBuildFile; fileRef = 22EE43E6252AAFC300D9B890 /* XRoseUITests.swift */; };
		22EE4402252AB7E600D9B890 /* Storyboard.storyboard in Resources */ = {isa = PBXBuildFile; fileRef = 22EE4401252AB7E600D9B890 /* Storyboard.storyboard */; };
/* End PBXBuildFile section */

/* Begin PBXContainerItemProxy section */
		22EE43D8252AAFC300D9B890 /* PBXContainerItemProxy */ = {
			isa = PBXContainerItemProxy;
			containerPortal = 22EE43B6252AAFC100D9B890 /* Project object */;
			proxyType = 1;
			remoteGlobalIDString = 22EE43BD252AAFC100D9B890;
			remoteInfo = XRose;
		};
		22EE43E3252AAFC300D9B890 /* PBXContainerItemProxy */ = {
			isa = PBXContainerItemProxy;
			containerPortal = 22EE43B6252AAFC100D9B890 /* Project object */;
			proxyType = 1;
			remoteGlobalIDString = 22EE43BD252AAFC100D9B890;
			remoteInfo = XRose;
		};
/* End PBXContainerItemProxy section */

/* Begin PBXFileReference section */
		22EE43BE252AAFC100D9B890 /* XRose.app */ = {isa = PBXFileReference; explicitFileType = wrapper.application; includeInIndex = 0; path = XRose.app; sourceTree = BUILT_PRODUCTS_DIR; };
		22EE43C1252AAFC100D9B890 /* AppDelegate.swift */ = {isa = PBXFileReference; lastKnownFileType = sourcecode.swift; path = AppDelegate.swift; sourceTree = "<group>"; };
		22EE43C3252AAFC100D9B890 /* SceneDelegate.swift */ = {isa = PBXFileReference; lastKnownFileType = sourcecode.swift; path = SceneDelegate.swift; sourceTree = "<group>"; };
		22EE43C8252AAFC100D9B890 /* Base */ = {isa = PBXFileReference; lastKnownFileType = file.storyboard; name = Base; path = Base.lproj/Main.storyboard; sourceTree = "<group>"; };
		22EE43CB252AAFC100D9B890 /* XRose.xcdatamodel */ = {isa = PBXFileReference; lastKnownFileType = wrapper.xcdatamodel; path = XRose.xcdatamodel; sourceTree = "<group>"; };
		22EE43CD252AAFC300D9B890 /* Assets.xcassets */ = {isa = PBXFileReference; lastKnownFileType = folder.assetcatalog; path = Assets.xcassets; sourceTree = "<group>"; };
		22EE43D0252AAFC300D9B890 /* Base */ = {isa = PBXFileReference; lastKnownFileType = file.storyboard; name = Base; path = Base.lproj/LaunchScreen.storyboard; sourceTree = "<group>"; };
		22EE43D2252AAFC300D9B890 /* Info.plist */ = {isa = PBXFileReference; lastKnownFileType = text.plist.xml; path = Info.plist; sourceTree = "<group>"; };
		22EE43D7252AAFC300D9B890 /* XRoseTests.xctest */ = {isa = PBXFileReference; explicitFileType = wrapper.cfbundle; includeInIndex = 0; path = XRoseTests.xctest; sourceTree = BUILT_PRODUCTS_DIR; };
		22EE43DB252AAFC300D9B890 /* XRoseTests.swift */ = {isa = PBXFileReference; lastKnownFileType = sourcecode.swift; path = XRoseTests.swift; sourceTree = "<group>"; };
		22EE43DD252AAFC300D9B890 /* Info.plist */ = {isa = PBXFileReference; lastKnownFileType = text.plist.xml; path = Info.plist; sourceTree = "<group>"; };
		22EE43E2252AAFC300D9B890 /* XRoseUITests.xctest */ = {isa = PBXFileReference; explicitFileType = wrapper.cfbundle; includeInIndex = 0; path = XRoseUITests.xctest; sourceTree = BUILT_PRODUCTS_DIR; };
		22EE43E6252AAFC300D9B890 /* XRoseUITests.swift */ = {isa = PBXFileReference; lastKnownFileType = sourcecode.swift; path = XRoseUITests.swift; sourceTree = "<group>"; };
		22EE43E8252AAFC300D9B890 /* Info.plist */ = {isa = PBXFileReference; lastKnownFileType = text.plist.xml; path = Info.plist; sourceTree = "<group>"; };
		22EE4401252AB7E600D9B890 /* Storyboard.storyboard */ = {isa = PBXFileReference; lastKnownFileType = file.storyboard; path = Storyboard.storyboard; sourceTree = "<group>"; };
/* End PBXFileReference section */

/* Begin PBXFrameworksBuildPhase section */
		22EE43BB252AAFC100D9B890 /* Frameworks */ = {
			isa = PBXFrameworksBuildPhase;
			buildActionMask = 2147483647;
			files = (
			);
			runOnlyForDeploymentPostprocessing = 0;
		};
		22EE43D4252AAFC300D9B890 /* Frameworks */ = {
			isa = PBXFrameworksBuildPhase;
			buildActionMask = 2147483647;
			files = (
			);
			runOnlyForDeploymentPostprocessing = 0;
		};
		22EE43DF252AAFC300D9B890 /* Frameworks */ = {
			isa = PBXFrameworksBuildPhase;
			buildActionMask = 2147483647;
			files = (
			);
			runOnlyForDeploymentPostprocessing = 0;
		};
/* End PBXFrameworksBuildPhase section */

/* Begin PBXGroup section */
		22EE43B5252AAFC100D9B890 = {
			isa = PBXGroup;
			children = (
				22EE43C0252AAFC100D9B890 /* XRose */,
				22EE43DA252AAFC300D9B890 /* XRoseTests */,
				22EE43E5252AAFC300D9B890 /* XRoseUITests */,
				22EE43BF252AAFC100D9B890 /* Products */,
			);
			sourceTree = "<group>";
		};
		22EE43BF252AAFC100D9B890 /* Products */ = {
			isa = PBXGroup;
			children = (
				22EE43BE252AAFC100D9B890 /* XRose.app */,
				22EE43D7252AAFC300D9B890 /* XRoseTests.xctest */,
				22EE43E2252AAFC300D9B890 /* XRoseUITests.xctest */,
			);
			name = Products;
			sourceTree = "<group>";
		};
		22EE43C0252AAFC100D9B890 /* XRose */ = {
			isa = PBXGroup;
			children = (
				22EE43D2252AAFC300D9B890 /* Info.plist */,
				22EE43F9252AB17200D9B890 /* Core Data */,
				22EE43FA252AB1AB00D9B890 /* Model */,
				22EE43FB252AB1BC00D9B890 /* View */,
				22EE43FC252AB1CD00D9B890 /* Controller */,
				22EE43F7252AB11F00D9B890 /* Storyboard */,
				22EE4400252AB75A00D9B890 /* Login Storyboard */,
				22EE43F8252AB13900D9B890 /* Resources */,
			);
			path = XRose;
			sourceTree = "<group>";
		};
		22EE43DA252AAFC300D9B890 /* XRoseTests */ = {
			isa = PBXGroup;
			children = (
				22EE43DB252AAFC300D9B890 /* XRoseTests.swift */,
				22EE43DD252AAFC300D9B890 /* Info.plist */,
			);
			path = XRoseTests;
			sourceTree = "<group>";
		};
		22EE43E5252AAFC300D9B890 /* XRoseUITests */ = {
			isa = PBXGroup;
			children = (
				22EE43E6252AAFC300D9B890 /* XRoseUITests.swift */,
				22EE43E8252AAFC300D9B890 /* Info.plist */,
			);
			path = XRoseUITests;
			sourceTree = "<group>";
		};
		22EE43F7252AB11F00D9B890 /* Storyboard */ = {
			isa = PBXGroup;
			children = (
				22EE43C7252AAFC100D9B890 /* Main.storyboard */,
				22EE43CF252AAFC300D9B890 /* LaunchScreen.storyboard */,
			);
			path = Storyboard;
			sourceTree = "<group>";
		};
		22EE43F8252AB13900D9B890 /* Resources */ = {
			isa = PBXGroup;
			children = (
				22EE43C1252AAFC100D9B890 /* AppDelegate.swift */,
				22EE43C3252AAFC100D9B890 /* SceneDelegate.swift */,
				22EE43CD252AAFC300D9B890 /* Assets.xcassets */,
			);
			path = Resources;
			sourceTree = "<group>";
		};
		22EE43F9252AB17200D9B890 /* Core Data */ = {
			isa = PBXGroup;
			children = (
				22EE43CA252AAFC100D9B890 /* XRose.xcdatamodeld */,
			);
			path = "Core Data";
			sourceTree = "<group>";
		};
		22EE43FA252AB1AB00D9B890 /* Model */ = {
			isa = PBXGroup;
			children = (
			);
			path = Model;
			sourceTree = "<group>";
		};
		22EE43FB252AB1BC00D9B890 /* View */ = {
			isa = PBXGroup;
			children = (
			);
			path = View;
			sourceTree = "<group>";
		};
		22EE43FC252AB1CD00D9B890 /* Controller */ = {
			isa = PBXGroup;
			children = (
			);
			path = Controller;
			sourceTree = "<group>";
		};
		22EE4400252AB75A00D9B890 /* Login Storyboard */ = {
			isa = PBXGroup;
			children = (
				22EE4401252AB7E600D9B890 /* Storyboard.storyboard */,
			);
			path = "Login Storyboard";
			sourceTree = "<group>";
		};
/* End PBXGroup section */

/* Begin PBXNativeTarget section */
		22EE43BD252AAFC100D9B890 /* XRose */ = {
			isa = PBXNativeTarget;
			buildConfigurationList = 22EE43EB252AAFC300D9B890 /* Build configuration list for PBXNativeTarget "XRose" */;
			buildPhases = (
				22EE43BA252AAFC100D9B890 /* Sources */,
				22EE43BB252AAFC100D9B890 /* Frameworks */,
				22EE43BC252AAFC100D9B890 /* Resources */,
			);
			buildRules = (
			);
			dependencies = (
			);
			name = XRose;
			productName = XRose;
			productReference = 22EE43BE252AAFC100D9B890 /* XRose.app */;
			productType = "com.apple.product-type.application";
		};
		22EE43D6252AAFC300D9B890 /* XRoseTests */ = {
			isa = PBXNativeTarget;
			buildConfigurationList = 22EE43EE252AAFC300D9B890 /* Build configuration list for PBXNativeTarget "XRoseTests" */;
			buildPhases = (
				22EE43D3252AAFC300D9B890 /* Sources */,
				22EE43D4252AAFC300D9B890 /* Frameworks */,
				22EE43D5252AAFC300D9B890 /* Resources */,
			);
			buildRules = (
			);
			dependencies = (
				22EE43D9252AAFC300D9B890 /* PBXTargetDependency */,
			);
			name = XRoseTests;
			productName = XRoseTests;
			productReference = 22EE43D7252AAFC300D9B890 /* XRoseTests.xctest */;
			productType = "com.apple.product-type.bundle.unit-test";
		};
		22EE43E1252AAFC300D9B890 /* XRoseUITests */ = {
			isa = PBXNativeTarget;
			buildConfigurationList = 22EE43F1252AAFC300D9B890 /* Build configuration list for PBXNativeTarget "XRoseUITests" */;
			buildPhases = (
				22EE43DE252AAFC300D9B890 /* Sources */,
				22EE43DF252AAFC300D9B890 /* Frameworks */,
				22EE43E0252AAFC300D9B890 /* Resources */,
			);
			buildRules = (
			);
			dependencies = (
				22EE43E4252AAFC300D9B890 /* PBXTargetDependency */,
			);
			name = XRoseUITests;
			productName = XRoseUITests;
			productReference = 22EE43E2252AAFC300D9B890 /* XRoseUITests.xctest */;
			productType = "com.apple.product-type.bundle.ui-testing";
		};
/* End PBXNativeTarget section */

/* Begin PBXProject section */
		22EE43B6252AAFC100D9B890 /* Project object */ = {
			isa = PBXProject;
			attributes = {
				LastSwiftUpdateCheck = 1200;
				LastUpgradeCheck = 1200;
				TargetAttributes = {
					22EE43BD252AAFC100D9B890 = {
						CreatedOnToolsVersion = 12.0.1;
					};
					22EE43D6252AAFC300D9B890 = {
						CreatedOnToolsVersion = 12.0.1;
						TestTargetID = 22EE43BD252AAFC100D9B890;
					};
					22EE43E1252AAFC300D9B890 = {
						CreatedOnToolsVersion = 12.0.1;
						TestTargetID = 22EE43BD252AAFC100D9B890;
					};
				};
			};
			buildConfigurationList = 22EE43B9252AAFC100D9B890 /* Build configuration list for PBXProject "XRose" */;
			compatibilityVersion = "Xcode 9.3";
			developmentRegion = en;
			hasScannedForEncodings = 0;
			knownRegions = (
				en,
				Base,
			);
			mainGroup = 22EE43B5252AAFC100D9B890;
			productRefGroup = 22EE43BF252AAFC100D9B890 /* Products */;
			projectDirPath = "";
			projectRoot = "";
			targets = (
				22EE43BD252AAFC100D9B890 /* XRose */,
				22EE43D6252AAFC300D9B890 /* XRoseTests */,
				22EE43E1252AAFC300D9B890 /* XRoseUITests */,
			);
		};
/* End PBXProject section */

/* Begin PBXResourcesBuildPhase section */
		22EE43BC252AAFC100D9B890 /* Resources */ = {
			isa = PBXResourcesBuildPhase;
			buildActionMask = 2147483647;
			files = (
				22EE43D1252AAFC300D9B890 /* LaunchScreen.storyboard in Resources */,
				22EE4402252AB7E600D9B890 /* Storyboard.storyboard in Resources */,
				22EE43CE252AAFC300D9B890 /* Assets.xcassets in Resources */,
				22EE43C9252AAFC100D9B890 /* Main.storyboard in Resources */,
			);
			runOnlyForDeploymentPostprocessing = 0;
		};
		22EE43D5252AAFC300D9B890 /* Resources */ = {
			isa = PBXResourcesBuildPhase;
			buildActionMask = 2147483647;
			files = (
			);
			runOnlyForDeploymentPostprocessing = 0;
		};
		22EE43E0252AAFC300D9B890 /* Resources */ = {
			isa = PBXResourcesBuildPhase;
			buildActionMask = 2147483647;
			files = (
			);
			runOnlyForDeploymentPostprocessing = 0;
		};
/* End PBXResourcesBuildPhase section */

/* Begin PBXSourcesBuildPhase section */
		22EE43BA252AAFC100D9B890 /* Sources */ = {
			isa = PBXSourcesBuildPhase;
			buildActionMask = 2147483647;
			files = (
				22EE43C2252AAFC100D9B890 /* AppDelegate.swift in Sources */,
				22EE43C4252AAFC100D9B890 /* SceneDelegate.swift in Sources */,
				22EE43CC252AAFC100D9B890 /* XRose.xcdatamodeld in Sources */,
			);
			runOnlyForDeploymentPostprocessing = 0;
		};
		22EE43D3252AAFC300D9B890 /* Sources */ = {
			isa = PBXSourcesBuildPhase;
			buildActionMask = 2147483647;
			files = (
				22EE43DC252AAFC300D9B890 /* XRoseTests.swift in Sources */,
			);
			runOnlyForDeploymentPostprocessing = 0;
		};
		22EE43DE252AAFC300D9B890 /* Sources */ = {
			isa = PBXSourcesBuildPhase;
			buildActionMask = 2147483647;
			files = (
				22EE43E7252AAFC300D9B890 /* XRoseUITests.swift in Sources */,
			);
			runOnlyForDeploymentPostprocessing = 0;
		};
/* End PBXSourcesBuildPhase section */

/* Begin PBXTargetDependency section */
		22EE43D9252AAFC300D9B890 /* PBXTargetDependency */ = {
			isa = PBXTargetDependency;
			target = 22EE43BD252AAFC100D9B890 /* XRose */;
			targetProxy = 22EE43D8252AAFC300D9B890 /* PBXContainerItemProxy */;
		};
		22EE43E4252AAFC300D9B890 /* PBXTargetDependency */ = {
			isa = PBXTargetDependency;
			target = 22EE43BD252AAFC100D9B890 /* XRose */;
			targetProxy = 22EE43E3252AAFC300D9B890 /* PBXContainerItemProxy */;
		};
/* End PBXTargetDependency section */

/* Begin PBXVariantGroup section */
		22EE43C7252AAFC100D9B890 /* Main.storyboard */ = {
			isa = PBXVariantGroup;
			children = (
				22EE43C8252AAFC100D9B890 /* Base */,
			);
			name = Main.storyboard;
			sourceTree = "<group>";
		};
		22EE43CF252AAFC300D9B890 /* LaunchScreen.storyboard */ = {
			isa = PBXVariantGroup;
			children = (
				22EE43D0252AAFC300D9B890 /* Base */,
			);
			name = LaunchScreen.storyboard;
			sourceTree = "<group>";
		};
/* End PBXVariantGroup section */

/* Begin XCBuildConfiguration section */
		22EE43E9252AAFC300D9B890 /* Debug */ = {
			isa = XCBuildConfiguration;
			buildSettings = {
				ALWAYS_SEARCH_USER_PATHS = NO;
				CLANG_ANALYZER_NONNULL = YES;
				CLANG_ANALYZER_NUMBER_OBJECT_CONVERSION = YES_AGGRESSIVE;
				CLANG_CXX_LANGUAGE_STANDARD = "gnu++14";
				CLANG_CXX_LIBRARY = "libc++";
				CLANG_ENABLE_MODULES = YES;
				CLANG_ENABLE_OBJC_ARC = YES;
				CLANG_ENABLE_OBJC_WEAK = YES;
				CLANG_WARN_BLOCK_CAPTURE_AUTORELEASING = YES;
				CLANG_WARN_BOOL_CONVERSION = YES;
				CLANG_WARN_COMMA = YES;
				CLANG_WARN_CONSTANT_CONVERSION = YES;
				CLANG_WARN_DEPRECATED_OBJC_IMPLEMENTATIONS = YES;
				CLANG_WARN_DIRECT_OBJC_ISA_USAGE = YES_ERROR;
				CLANG_WARN_DOCUMENTATION_COMMENTS = YES;
				CLANG_WARN_EMPTY_BODY = YES;
				CLANG_WARN_ENUM_CONVERSION = YES;
				CLANG_WARN_INFINITE_RECURSION = YES;
				CLANG_WARN_INT_CONVERSION = YES;
				CLANG_WARN_NON_LITERAL_NULL_CONVERSION = YES;
				CLANG_WARN_OBJC_IMPLICIT_RETAIN_SELF = YES;
				CLANG_WARN_OBJC_LITERAL_CONVERSION = YES;
				CLANG_WARN_OBJC_ROOT_CLASS = YES_ERROR;
				CLANG_WARN_QUOTED_INCLUDE_IN_FRAMEWORK_HEADER = YES;
				CLANG_WARN_RANGE_LOOP_ANALYSIS = YES;
				CLANG_WARN_STRICT_PROTOTYPES = YES;
				CLANG_WARN_SUSPICIOUS_MOVE = YES;
				CLANG_WARN_UNGUARDED_AVAILABILITY = YES_AGGRESSIVE;
				CLANG_WARN_UNREACHABLE_CODE = YES;
				CLANG_WARN__DUPLICATE_METHOD_MATCH = YES;
				COPY_PHASE_STRIP = NO;
				DEBUG_INFORMATION_FORMAT = dwarf;
				ENABLE_STRICT_OBJC_MSGSEND = YES;
				ENABLE_TESTABILITY = YES;
				GCC_C_LANGUAGE_STANDARD = gnu11;
				GCC_DYNAMIC_NO_PIC = NO;
				GCC_NO_COMMON_BLOCKS = YES;
				GCC_OPTIMIZATION_LEVEL = 0;
				GCC_PREPROCESSOR_DEFINITIONS = (
					"DEBUG=1",
					"$(inherited)",
				);
				GCC_WARN_64_TO_32_BIT_CONVERSION = YES;
				GCC_WARN_ABOUT_RETURN_TYPE = YES_ERROR;
				GCC_WARN_UNDECLARED_SELECTOR = YES;
				GCC_WARN_UNINITIALIZED_AUTOS = YES_AGGRESSIVE;
				GCC_WARN_UNUSED_FUNCTION = YES;
				GCC_WARN_UNUSED_VARIABLE = YES;
				IPHONEOS_DEPLOYMENT_TARGET = 14.0;
				MTL_ENABLE_DEBUG_INFO = INCLUDE_SOURCE;
				MTL_FAST_MATH = YES;
				ONLY_ACTIVE_ARCH = YES;
				SDKROOT = iphoneos;
				SWIFT_ACTIVE_COMPILATION_CONDITIONS = DEBUG;
				SWIFT_OPTIMIZATION_LEVEL = "-Onone";
			};
			name = Debug;
		};
		22EE43EA252AAFC300D9B890 /* Release */ = {
			isa = XCBuildConfiguration;
			buildSettings = {
				ALWAYS_SEARCH_USER_PATHS = NO;
				CLANG_ANALYZER_NONNULL = YES;
				CLANG_ANALYZER_NUMBER_OBJECT_CONVERSION = YES_AGGRESSIVE;
				CLANG_CXX_LANGUAGE_STANDARD = "gnu++14";
				CLANG_CXX_LIBRARY = "libc++";
				CLANG_ENABLE_MODULES = YES;
				CLANG_ENABLE_OBJC_ARC = YES;
				CLANG_ENABLE_OBJC_WEAK = YES;
				CLANG_WARN_BLOCK_CAPTURE_AUTORELEASING = YES;
				CLANG_WARN_BOOL_CONVERSION = YES;
				CLANG_WARN_COMMA = YES;
				CLANG_WARN_CONSTANT_CONVERSION = YES;
				CLANG_WARN_DEPRECATED_OBJC_IMPLEMENTATIONS = YES;
				CLANG_WARN_DIRECT_OBJC_ISA_USAGE = YES_ERROR;
				CLANG_WARN_DOCUMENTATION_COMMENTS = YES;
				CLANG_WARN_EMPTY_BODY = YES;
				CLANG_WARN_ENUM_CONVERSION = YES;
				CLANG_WARN_INFINITE_RECURSION = YES;
				CLANG_WARN_INT_CONVERSION = YES;
				CLANG_WARN_NON_LITERAL_NULL_CONVERSION = YES;
				CLANG_WARN_OBJC_IMPLICIT_RETAIN_SELF = YES;
				CLANG_WARN_OBJC_LITERAL_CONVERSION = YES;
				CLANG_WARN_OBJC_ROOT_CLASS = YES_ERROR;
				CLANG_WARN_QUOTED_INCLUDE_IN_FRAMEWORK_HEADER = YES;
				CLANG_WARN_RANGE_LOOP_ANALYSIS = YES;
				CLANG_WARN_STRICT_PROTOTYPES = YES;
				CLANG_WARN_SUSPICIOUS_MOVE = YES;
				CLANG_WARN_UNGUARDED_AVAILABILITY = YES_AGGRESSIVE;
				CLANG_WARN_UNREACHABLE_CODE = YES;
				CLANG_WARN__DUPLICATE_METHOD_MATCH = YES;
				COPY_PHASE_STRIP = NO;
				DEBUG_INFORMATION_FORMAT = "dwarf-with-dsym";
				ENABLE_NS_ASSERTIONS = NO;
				ENABLE_STRICT_OBJC_MSGSEND = YES;
				GCC_C_LANGUAGE_STANDARD = gnu11;
				GCC_NO_COMMON_BLOCKS = YES;
				GCC_WARN_64_TO_32_BIT_CONVERSION = YES;
				GCC_WARN_ABOUT_RETURN_TYPE = YES_ERROR;
				GCC_WARN_UNDECLARED_SELECTOR = YES;
				GCC_WARN_UNINITIALIZED_AUTOS = YES_AGGRESSIVE;
				GCC_WARN_UNUSED_FUNCTION = YES;
				GCC_WARN_UNUSED_VARIABLE = YES;
				IPHONEOS_DEPLOYMENT_TARGET = 14.0;
				MTL_ENABLE_DEBUG_INFO = NO;
				MTL_FAST_MATH = YES;
				SDKROOT = iphoneos;
				SWIFT_COMPILATION_MODE = wholemodule;
				SWIFT_OPTIMIZATION_LEVEL = "-O";
				VALIDATE_PRODUCT = YES;
			};
			name = Release;
		};
		22EE43EC252AAFC300D9B890 /* Debug */ = {
			isa = XCBuildConfiguration;
			buildSettings = {
				ASSETCATALOG_COMPILER_APPICON_NAME = AppIcon;
				ASSETCATALOG_COMPILER_GLOBAL_ACCENT_COLOR_NAME = AccentColor;
				CODE_SIGN_STYLE = Automatic;
				INFOPLIST_FILE = XRose/Info.plist;
				LD_RUNPATH_SEARCH_PATHS = (
					"$(inherited)",
					"@executable_path/Frameworks",
				);
				PRODUCT_BUNDLE_IDENTIFIER = samsDevsLife.XRose;
				PRODUCT_NAME = "$(TARGET_NAME)";
				SWIFT_VERSION = 5.0;
				TARGETED_DEVICE_FAMILY = "1,2";
			};
			name = Debug;
		};
		22EE43ED252AAFC300D9B890 /* Release */ = {
			isa = XCBuildConfiguration;
			buildSettings = {
				ASSETCATALOG_COMPILER_APPICON_NAME = AppIcon;
				ASSETCATALOG_COMPILER_GLOBAL_ACCENT_COLOR_NAME = AccentColor;
				CODE_SIGN_STYLE = Automatic;
				INFOPLIST_FILE = XRose/Info.plist;
				LD_RUNPATH_SEARCH_PATHS = (
					"$(inherited)",
					"@executable_path/Frameworks",
				);
				PRODUCT_BUNDLE_IDENTIFIER = samsDevsLife.XRose;
				PRODUCT_NAME = "$(TARGET_NAME)";
				SWIFT_VERSION = 5.0;
				TARGETED_DEVICE_FAMILY = "1,2";
			};
			name = Release;
		};
		22EE43EF252AAFC300D9B890 /* Debug */ = {
			isa = XCBuildConfiguration;
			buildSettings = {
				ALWAYS_EMBED_SWIFT_STANDARD_LIBRARIES = YES;
				BUNDLE_LOADER = "$(TEST_HOST)";
				CODE_SIGN_STYLE = Automatic;
				INFOPLIST_FILE = XRoseTests/Info.plist;
				IPHONEOS_DEPLOYMENT_TARGET = 14.0;
				LD_RUNPATH_SEARCH_PATHS = (
					"$(inherited)",
					"@executable_path/Frameworks",
					"@loader_path/Frameworks",
				);
				PRODUCT_BUNDLE_IDENTIFIER = samsDevsLife.XRoseTests;
				PRODUCT_NAME = "$(TARGET_NAME)";
				SWIFT_VERSION = 5.0;
				TARGETED_DEVICE_FAMILY = "1,2";
				TEST_HOST = "$(BUILT_PRODUCTS_DIR)/XRose.app/XRose";
			};
			name = Debug;
		};
		22EE43F0252AAFC300D9B890 /* Release */ = {
			isa = XCBuildConfiguration;
			buildSettings = {
				ALWAYS_EMBED_SWIFT_STANDARD_LIBRARIES = YES;
				BUNDLE_LOADER = "$(TEST_HOST)";
				CODE_SIGN_STYLE = Automatic;
				INFOPLIST_FILE = XRoseTests/Info.plist;
				IPHONEOS_DEPLOYMENT_TARGET = 14.0;
				LD_RUNPATH_SEARCH_PATHS = (
					"$(inherited)",
					"@executable_path/Frameworks",
					"@loader_path/Frameworks",
				);
				PRODUCT_BUNDLE_IDENTIFIER = samsDevsLife.XRoseTests;
				PRODUCT_NAME = "$(TARGET_NAME)";
				SWIFT_VERSION = 5.0;
				TARGETED_DEVICE_FAMILY = "1,2";
				TEST_HOST = "$(BUILT_PRODUCTS_DIR)/XRose.app/XRose";
			};
			name = Release;
		};
		22EE43F2252AAFC300D9B890 /* Debug */ = {
			isa = XCBuildConfiguration;
			buildSettings = {
				ALWAYS_EMBED_SWIFT_STANDARD_LIBRARIES = YES;
				CODE_SIGN_STYLE = Automatic;
				INFOPLIST_FILE = XRoseUITests/Info.plist;
				LD_RUNPATH_SEARCH_PATHS = (
					"$(inherited)",
					"@executable_path/Frameworks",
					"@loader_path/Frameworks",
				);
				PRODUCT_BUNDLE_IDENTIFIER = samsDevsLife.XRoseUITests;
				PRODUCT_NAME = "$(TARGET_NAME)";
				SWIFT_VERSION = 5.0;
				TARGETED_DEVICE_FAMILY = "1,2";
				TEST_TARGET_NAME = XRose;
			};
			name = Debug;
		};
		22EE43F3252AAFC300D9B890 /* Release */ = {
			isa = XCBuildConfiguration;
			buildSettings = {
				ALWAYS_EMBED_SWIFT_STANDARD_LIBRARIES = YES;
				CODE_SIGN_STYLE = Automatic;
				INFOPLIST_FILE = XRoseUITests/Info.plist;
				LD_RUNPATH_SEARCH_PATHS = (
					"$(inherited)",
					"@executable_path/Frameworks",
					"@loader_path/Frameworks",
				);
				PRODUCT_BUNDLE_IDENTIFIER = samsDevsLife.XRoseUITests;
				PRODUCT_NAME = "$(TARGET_NAME)";
				SWIFT_VERSION = 5.0;
				TARGETED_DEVICE_FAMILY = "1,2";
				TEST_TARGET_NAME = XRose;
			};
			name = Release;
		};
/* End XCBuildConfiguration section */

/* Begin XCConfigurationList section */
		22EE43B9252AAFC100D9B890 /* Build configuration list for PBXProject "XRose" */ = {
			isa = XCConfigurationList;
			buildConfigurations = (
				22EE43E9252AAFC300D9B890 /* Debug */,
				22EE43EA252AAFC300D9B890 /* Release */,
			);
			defaultConfigurationIsVisible = 0;
			defaultConfigurationName = Release;
		};
		22EE43EB252AAFC300D9B890 /* Build configuration list for PBXNativeTarget "XRose" */ = {
			isa = XCConfigurationList;
			buildConfigurations = (
				22EE43EC252AAFC300D9B890 /* Debug */,
				22EE43ED252AAFC300D9B890 /* Release */,
			);
			defaultConfigurationIsVisible = 0;
			defaultConfigurationName = Release;
		};
		22EE43EE252AAFC300D9B890 /* Build configuration list for PBXNativeTarget "XRoseTests" */ = {
			isa = XCConfigurationList;
			buildConfigurations = (
				22EE43EF252AAFC300D9B890 /* Debug */,
				22EE43F0252AAFC300D9B890 /* Release */,
			);
			defaultConfigurationIsVisible = 0;
			defaultConfigurationName = Release;
		};
		22EE43F1252AAFC300D9B890 /* Build configuration list for PBXNativeTarget "XRoseUITests" */ = {
			isa = XCConfigurationList;
			buildConfigurations = (
				22EE43F2252AAFC300D9B890 /* Debug */,
				22EE43F3252AAFC300D9B890 /* Release */,
			);
			defaultConfigurationIsVisible = 0;
			defaultConfigurationName = Release;
		};
/* End XCConfigurationList section */

/* Begin XCVersionGroup section */
		22EE43CA252AAFC100D9B890 /* XRose.xcdatamodeld */ = {
			isa = XCVersionGroup;
			children = (
				22EE43CB252AAFC100D9B890 /* XRose.xcdatamodel */,
			);
			currentVersion = 22EE43CB252AAFC100D9B890 /* XRose.xcdatamodel */;
			path = XRose.xcdatamodeld;
			sourceTree = "<group>";
			versionGroupType = wrapper.xcdatamodel;
		};
/* End XCVersionGroup section */
	};
	rootObject = 22EE43B6252AAFC100D9B890 /* Project object */;
}
